
Microsoft Visual Studio Solution File, Format Version 10.00
# Visual C++ Express 2008
Project("{8BC9CEB8-8B4A-11D0-8D11-00A0C91BC942}") = "MFC_GL", "MFC_GL.vcproj", "{64F96FB1-7C22-4B02-89D3-23BD6530985F}"
EndProject
Global
	GlobalSection(SolutionConfigurationPlatforms) = preSolution
		Debug|Win32 = Debug|Win32
		Release|Win32 = Release|Win32
	EndGlobalSection
	GlobalSection(ProjectConfigurationPlatforms) = postSolution
		{64F96FB1-7C22-4B02-89D3-23BD6530985F}.Debug|Win32.ActiveCfg = Debug|Win32
		{64F96FB1-7C22-4B02-89D3-23BD6530985F}.Debug|Win32.Build.0 = Debug|Win32
		{64F96FB1-7C22-4B02-89D3-23BD6530985F}.Release|Win32.ActiveCfg = Release|Win32
		{64F96FB1-7C22-4B02-89D3-23BD6530985F}.Release|Win32.Build.0 = Release|Win32
	EndGlobalSection
	GlobalSection(SolutionProperties) = preSolution
		HideSolutionNode = FALSE
	EndGlobalSection
EndGlobal
